
Microsoft Visual Studio Solution File, Format Version 11.00
# Visual Studio 2010
Project("{FAE04EC0-301F-11D3-BF4B-00C04F79EFBC}") = "UnityEngine.UI", "UnityEngine.UI.csproj", "{2947560B-C89A-298D-3086-8CC5F6B513A2}"
EndProject
Project("{FAE04EC0-301F-11D3-BF4B-00C04F79EFBC}") = "UnityEngine.TestRunner", "UnityEngine.TestRunner.csproj", "{1D3423E3-820A-9975-3FCE-DF326D0B5F17}"
EndProject
Project("{FAE04EC0-301F-11D3-BF4B-00C04F79EFBC}") = "Unity.2D.Animation.Triangle.Runtime", "Unity.2D.Animation.Triangle.Runtime.csproj", "{EEB723F2-EBAF-79BC-F29E-135A1B4CADA5}"
EndProject
Project("{FAE04EC0-301F-11D3-BF4B-00C04F79EFBC}") = "Unity.TextMeshPro", "Unity.TextMeshPro.csproj", "{AA8005E3-31CC-8D0C-34D6-3C8FF22A3F05}"
EndProject
Project("{FAE04EC0-301F-11D3-BF4B-00C04F79EFBC}") = "Unity.2D.Animation.Runtime", "Unity.2D.Animation.Runtime.csproj", "{DD9B5E06-46EF-D01D-89CC-37B08CC50BE3}"
EndProject
Project("{FAE04EC0-301F-11D3-BF4B-00C04F79EFBC}") = "Unity.Timeline", "Unity.Timeline.csproj", "{57A11FD3-6B67-4CF7-07B1-9994C5539EF3}"
EndProject
Project("{FAE04EC0-301F-11D3-BF4B-00C04F79EFBC}") = "Unity.Mathematics", "Unity.Mathematics.csproj", "{876A43A5-0C38-6741-363C-9084B78C9745}"
EndProject
Project("{FAE04EC0-301F-11D3-BF4B-00C04F79EFBC}") = "Unity.2D.SpriteShape.Runtime", "Unity.2D.SpriteShape.Runtime.csproj", "{75434309-18D8-03C4-34EC-B43E3D7412C6}"
EndProject
Project("{FAE04EC0-301F-11D3-BF4B-00C04F79EFBC}") = "Unity.2D.PixelPerfect", "Unity.2D.PixelPerfect.csproj", "{8280CE2E-C3DD-8388-A4B4-74DCD2BD884B}"
EndProject
Project("{FAE04EC0-301F-11D3-BF4B-00C04F79EFBC}") = "Assembly-CSharp", "Assembly-CSharp.csproj", "{E7E5E205-3EC0-FCAE-0E09-185B4E9C6696}"
EndProject
Project("{FAE04EC0-301F-11D3-BF4B-00C04F79EFBC}") = "Unity.InternalAPIEngineBridge.001", "Unity.InternalAPIEngineBridge.001.csproj", "{C77E810A-34C2-4FFC-F411-8B215ED86460}"
EndProject
Project("{FAE04EC0-301F-11D3-BF4B-00C04F79EFBC}") = "Unity.2D.Common.Runtime", "Unity.2D.Common.Runtime.csproj", "{B3586B6B-A287-6CE1-2BBA-2E9CE8962D86}"
EndProject
Project("{FAE04EC0-301F-11D3-BF4B-00C04F79EFBC}") = "UnityEditor.TestRunner", "UnityEditor.TestRunner.csproj", "{513F0C4F-C778-AD85-E3B9-711D457AEB2C}"
EndProject
Project("{FAE04EC0-301F-11D3-BF4B-00C04F79EFBC}") = "Unity.TextMeshPro.Editor", "Unity.TextMeshPro.Editor.csproj", "{92AC2C83-D691-F60A-F18C-9DD19BAA5934}"
EndProject
Project("{FAE04EC0-301F-11D3-BF4B-00C04F79EFBC}") = "Unity.Timeline.Editor", "Unity.Timeline.Editor.csproj", "{B833C433-4478-8E0E-C010-841BCE8BAC2B}"
EndProject
Project("{FAE04EC0-301F-11D3-BF4B-00C04F79EFBC}") = "Unity.2D.Animation.Editor", "Unity.2D.Animation.Editor.csproj", "{98C15B3D-2C40-96DB-9C06-9BEF8EDA4D99}"
EndProject
Project("{FAE04EC0-301F-11D3-BF4B-00C04F79EFBC}") = "Unity.2D.Path.Editor", "Unity.2D.Path.Editor.csproj", "{ABF46A92-959D-4741-B722-0CBF969C619B}"
EndProject
Project("{FAE04EC0-301F-11D3-BF4B-00C04F79EFBC}") = "Unity.2D.Sprite.Editor", "Unity.2D.Sprite.Editor.csproj", "{EA387D2D-F3D0-1738-F783-9C74B9D110D3}"
EndProject
Project("{FAE04EC0-301F-11D3-BF4B-00C04F79EFBC}") = "UnityEditor.UI", "UnityEditor.UI.csproj", "{C474C0ED-9272-1D08-6E8F-2F06A317A6F0}"
EndProject
Project("{FAE04EC0-301F-11D3-BF4B-00C04F79EFBC}") = "Unity.Rider.Editor", "Unity.Rider.Editor.csproj", "{122D7725-2451-FDCD-6FDF-FDDD21325C35}"
EndProject
Project("{FAE04EC0-301F-11D3-BF4B-00C04F79EFBC}") = "Unity.2D.Tilemap.Editor", "Unity.2D.Tilemap.Editor.csproj", "{86D952EE-1D94-FED1-9105-EEAF96116783}"
EndProject
Project("{FAE04EC0-301F-11D3-BF4B-00C04F79EFBC}") = "Unity.2D.SpriteShape.Editor", "Unity.2D.SpriteShape.Editor.csproj", "{51301CAD-04B6-FD58-80B0-EC0B298DBF6D}"
EndProject
Project("{FAE04EC0-301F-11D3-BF4B-00C04F79EFBC}") = "PsdPlugin", "PsdPlugin.csproj", "{818CE67A-6D5F-67AC-D363-0E94F13955CC}"
EndProject
Project("{FAE04EC0-301F-11D3-BF4B-00C04F79EFBC}") = "Unity.CollabProxy.Editor", "Unity.CollabProxy.Editor.csproj", "{7CD8841E-642F-64A1-296C-E69714BA67A7}"
EndProject
Project("{FAE04EC0-301F-11D3-BF4B-00C04F79EFBC}") = "Unity.2D.Common.Editor", "Unity.2D.Common.Editor.csproj", "{05C4CFB0-CD0F-E740-E4F6-B0EE3C0E4672}"
EndProject
Project("{FAE04EC0-301F-11D3-BF4B-00C04F79EFBC}") = "Unity.VSCode.Editor", "Unity.VSCode.Editor.csproj", "{58747E0A-DEB4-3B86-E873-C0FCDC17E036}"
EndProject
Project("{FAE04EC0-301F-11D3-BF4B-00C04F79EFBC}") = "Unity.2D.Psdimporter.Editor", "Unity.2D.Psdimporter.Editor.csproj", "{4F14D3C1-8797-D800-D579-632CE002C307}"
EndProject
Project("{FAE04EC0-301F-11D3-BF4B-00C04F79EFBC}") = "Unity.2D.PixelPerfect.Editor", "Unity.2D.PixelPerfect.Editor.csproj", "{4D2C99F8-0158-515D-600F-466947DFC808}"
EndProject
Project("{FAE04EC0-301F-11D3-BF4B-00C04F79EFBC}") = "Assembly-CSharp-Editor", "Assembly-CSharp-Editor.csproj", "{FC1975DB-CDFB-9998-27DA-B04DDC29CAC3}"
EndProject
Project("{FAE04EC0-301F-11D3-BF4B-00C04F79EFBC}") = "Unity.Mathematics.Editor", "Unity.Mathematics.Editor.csproj", "{A76DCD6D-411F-EF02-AF4C-86512492AFD4}"
EndProject
Project("{FAE04EC0-301F-11D3-BF4B-00C04F79EFBC}") = "Unity.InternalAPIEditorBridge.001", "Unity.InternalAPIEditorBridge.001.csproj", "{EF23A99B-3EDD-6902-A446-2FB8445A8E8E}"
EndProject
Global
	GlobalSection(SolutionConfigurationPlatforms) = preSolution
		Debug|Any CPU = Debug|Any CPU
		Release|Any CPU = Release|Any CPU
	EndGlobalSection
	GlobalSection(ProjectConfigurationPlatforms) = postSolution
		{2947560B-C89A-298D-3086-8CC5F6B513A2}.Debug|Any CPU.ActiveCfg = Debug|Any CPU
		{2947560B-C89A-298D-3086-8CC5F6B513A2}.Debug|Any CPU.Build.0 = Debug|Any CPU
		{2947560B-C89A-298D-3086-8CC5F6B513A2}.Release|Any CPU.ActiveCfg = Release|Any CPU
		{2947560B-C89A-298D-3086-8CC5F6B513A2}.Release|Any CPU.Build.0 = Release|Any CPU
		{1D3423E3-820A-9975-3FCE-DF326D0B5F17}.Debug|Any CPU.ActiveCfg = Debug|Any CPU
		{1D3423E3-820A-9975-3FCE-DF326D0B5F17}.Debug|Any CPU.Build.0 = Debug|Any CPU
		{1D3423E3-820A-9975-3FCE-DF326D0B5F17}.Release|Any CPU.ActiveCfg = Release|Any CPU
		{1D3423E3-820A-9975-3FCE-DF326D0B5F17}.Release|Any CPU.Build.0 = Release|Any CPU
		{EEB723F2-EBAF-79BC-F29E-135A1B4CADA5}.Debug|Any CPU.ActiveCfg = Debug|Any CPU
		{EEB723F2-EBAF-79BC-F29E-135A1B4CADA5}.Debug|Any CPU.Build.0 = Debug|Any CPU
		{EEB723F2-EBAF-79BC-F29E-135A1B4CADA5}.Release|Any CPU.ActiveCfg = Release|Any CPU
		{EEB723F2-EBAF-79BC-F29E-135A1B4CADA5}.Release|Any CPU.Build.0 = Release|Any CPU
		{AA8005E3-31CC-8D0C-34D6-3C8FF22A3F05}.Debug|Any CPU.ActiveCfg = Debug|Any CPU
		{AA8005E3-31CC-8D0C-34D6-3C8FF22A3F05}.Debug|Any CPU.Build.0 = Debug|Any CPU
		{AA8005E3-31CC-8D0C-34D6-3C8FF22A3F05}.Release|Any CPU.ActiveCfg = Release|Any CPU
		{AA8005E3-31CC-8D0C-34D6-3C8FF22A3F05}.Release|Any CPU.Build.0 = Release|Any CPU
		{DD9B5E06-46EF-D01D-89CC-37B08CC50BE3}.Debug|Any CPU.ActiveCfg = Debug|Any CPU
		{DD9B5E06-46EF-D01D-89CC-37B08CC50BE3}.Debug|Any CPU.Build.0 = Debug|Any CPU
		{DD9B5E06-46EF-D01D-89CC-37B08CC50BE3}.Release|Any CPU.ActiveCfg = Release|Any CPU
		{DD9B5E06-46EF-D01D-89CC-37B08CC50BE3}.Release|Any CPU.Build.0 = Release|Any CPU
		{57A11FD3-6B67-4CF7-07B1-9994C5539EF3}.Debug|Any CPU.ActiveCfg = Debug|Any CPU
		{57A11FD3-6B67-4CF7-07B1-9994C5539EF3}.Debug|Any CPU.Build.0 = Debug|Any CPU
		{57A11FD3-6B67-4CF7-07B1-9994C5539EF3}.Release|Any CPU.ActiveCfg = Release|Any CPU
		{57A11FD3-6B67-4CF7-07B1-9994C5539EF3}.Release|Any CPU.Build.0 = Release|Any CPU
		{876A43A5-0C38-6741-363C-9084B78C9745}.Debug|Any CPU.ActiveCfg = Debug|Any CPU
		{876A43A5-0C38-6741-363C-9084B78C9745}.Debug|Any CPU.Build.0 = Debug|Any CPU
		{876A43A5-0C38-6741-363C-9084B78C9745}.Release|Any CPU.ActiveCfg = Release|Any CPU
		{876A43A5-0C38-6741-363C-9084B78C9745}.Release|Any CPU.Build.0 = Release|Any CPU
		{75434309-18D8-03C4-34EC-B43E3D7412C6}.Debug|Any CPU.ActiveCfg = Debug|Any CPU
		{75434309-18D8-03C4-34EC-B43E3D7412C6}.Debug|Any CPU.Build.0 = Debug|Any CPU
		{75434309-18D8-03C4-34EC-B43E3D7412C6}.Release|Any CPU.ActiveCfg = Release|Any CPU
		{75434309-18D8-03C4-34EC-B43E3D7412C6}.Release|Any CPU.Build.0 = Release|Any CPU
		{8280CE2E-C3DD-8388-A4B4-74DCD2BD884B}.Debug|Any CPU.ActiveCfg = Debug|Any CPU
		{8280CE2E-C3DD-8388-A4B4-74DCD2BD884B}.Debug|Any CPU.Build.0 = Debug|Any CPU
		{8280CE2E-C3DD-8388-A4B4-74DCD2BD884B}.Release|Any CPU.ActiveCfg = Release|Any CPU
		{8280CE2E-C3DD-8388-A4B4-74DCD2BD884B}.Release|Any CPU.Build.0 = Release|Any CPU
		{E7E5E205-3EC0-FCAE-0E09-185B4E9C6696}.Debug|Any CPU.ActiveCfg = Debug|Any CPU
		{E7E5E205-3EC0-FCAE-0E09-185B4E9C6696}.Debug|Any CPU.Build.0 = Debug|Any CPU
		{E7E5E205-3EC0-FCAE-0E09-185B4E9C6696}.Release|Any CPU.ActiveCfg = Release|Any CPU
		{E7E5E205-3EC0-FCAE-0E09-185B4E9C6696}.Release|Any CPU.Build.0 = Release|Any CPU
		{C77E810A-34C2-4FFC-F411-8B215ED86460}.Debug|Any CPU.ActiveCfg = Debug|Any CPU
		{C77E810A-34C2-4FFC-F411-8B215ED86460}.Debug|Any CPU.Build.0 = Debug|Any CPU
		{C77E810A-34C2-4FFC-F411-8B215ED86460}.Release|Any CPU.ActiveCfg = Release|Any CPU
		{C77E810A-34C2-4FFC-F411-8B215ED86460}.Release|Any CPU.Build.0 = Release|Any CPU
		{B3586B6B-A287-6CE1-2BBA-2E9CE8962D86}.Debug|Any CPU.ActiveCfg = Debug|Any CPU
		{B3586B6B-A287-6CE1-2BBA-2E9CE8962D86}.Debug|Any CPU.Build.0 = Debug|Any CPU
		{B3586B6B-A287-6CE1-2BBA-2E9CE8962D86}.Release|Any CPU.ActiveCfg = Release|Any CPU
		{B3586B6B-A287-6CE1-2BBA-2E9CE8962D86}.Release|Any CPU.Build.0 = Release|Any CPU
		{513F0C4F-C778-AD85-E3B9-711D457AEB2C}.Debug|Any CPU.ActiveCfg = Debug|Any CPU
		{513F0C4F-C778-AD85-E3B9-711D457AEB2C}.Debug|Any CPU.Build.0 = Debug|Any CPU
		{513F0C4F-C778-AD85-E3B9-711D457AEB2C}.Release|Any CPU.ActiveCfg = Release|Any CPU
		{513F0C4F-C778-AD85-E3B9-711D457AEB2C}.Release|Any CPU.Build.0 = Release|Any CPU
		{92AC2C83-D691-F60A-F18C-9DD19BAA5934}.Debug|Any CPU.ActiveCfg = Debug|Any CPU
		{92AC2C83-D691-F60A-F18C-9DD19BAA5934}.Debug|Any CPU.Build.0 = Debug|Any CPU
		{92AC2C83-D691-F60A-F18C-9DD19BAA5934}.Release|Any CPU.ActiveCfg = Release|Any CPU
		{92AC2C83-D691-F60A-F18C-9DD19BAA5934}.Release|Any CPU.Build.0 = Release|Any CPU
		{B833C433-4478-8E0E-C010-841BCE8BAC2B}.Debug|Any CPU.ActiveCfg = Debug|Any CPU
		{B833C433-4478-8E0E-C010-841BCE8BAC2B}.Debug|Any CPU.Build.0 = Debug|Any CPU
		{B833C433-4478-8E0E-C010-841BCE8BAC2B}.Release|Any CPU.ActiveCfg = Release|Any CPU
		{B833C433-4478-8E0E-C010-841BCE8BAC2B}.Release|Any CPU.Build.0 = Release|Any CPU
		{98C15B3D-2C40-96DB-9C06-9BEF8EDA4D99}.Debug|Any CPU.ActiveCfg = Debug|Any CPU
		{98C15B3D-2C40-96DB-9C06-9BEF8EDA4D99}.Debug|Any CPU.Build.0 = Debug|Any CPU
		{98C15B3D-2C40-96DB-9C06-9BEF8EDA4D99}.Release|Any CPU.ActiveCfg = Release|Any CPU
		{98C15B3D-2C40-96DB-9C06-9BEF8EDA4D99}.Release|Any CPU.Build.0 = Release|Any CPU
		{ABF46A92-959D-4741-B722-0CBF969C619B}.Debug|Any CPU.ActiveCfg = Debug|Any CPU
		{ABF46A92-959D-4741-B722-0CBF969C619B}.Debug|Any CPU.Build.0 = Debug|Any CPU
		{ABF46A92-959D-4741-B722-0CBF969C619B}.Release|Any CPU.ActiveCfg = Release|Any CPU
		{ABF46A92-959D-4741-B722-0CBF969C619B}.Release|Any CPU.Build.0 = Release|Any CPU
		{EA387D2D-F3D0-1738-F783-9C74B9D110D3}.Debug|Any CPU.ActiveCfg = Debug|Any CPU
		{EA387D2D-F3D0-1738-F783-9C74B9D110D3}.Debug|Any CPU.Build.0 = Debug|Any CPU
		{EA387D2D-F3D0-1738-F783-9C74B9D110D3}.Release|Any CPU.ActiveCfg = Release|Any CPU
		{EA387D2D-F3D0-1738-F783-9C74B9D110D3}.Release|Any CPU.Build.0 = Release|Any CPU
		{C474C0ED-9272-1D08-6E8F-2F06A317A6F0}.Debug|Any CPU.ActiveCfg = Debug|Any CPU
		{C474C0ED-9272-1D08-6E8F-2F06A317A6F0}.Debug|Any CPU.Build.0 = Debug|Any CPU
		{C474C0ED-9272-1D08-6E8F-2F06A317A6F0}.Release|Any CPU.ActiveCfg = Release|Any CPU
		{C474C0ED-9272-1D08-6E8F-2F06A317A6F0}.Release|Any CPU.Build.0 = Release|Any CPU
		{122D7725-2451-FDCD-6FDF-FDDD21325C35}.Debug|Any CPU.ActiveCfg = Debug|Any CPU
		{122D7725-2451-FDCD-6FDF-FDDD21325C35}.Debug|Any CPU.Build.0 = Debug|Any CPU
		{122D7725-2451-FDCD-6FDF-FDDD21325C35}.Release|Any CPU.ActiveCfg = Release|Any CPU
		{122D7725-2451-FDCD-6FDF-FDDD21325C35}.Release|Any CPU.Build.0 = Release|Any CPU
		{86D952EE-1D94-FED1-9105-EEAF96116783}.Debug|Any CPU.ActiveCfg = Debug|Any CPU
		{86D952EE-1D94-FED1-9105-EEAF96116783}.Debug|Any CPU.Build.0 = Debug|Any CPU
		{86D952EE-1D94-FED1-9105-EEAF96116783}.Release|Any CPU.ActiveCfg = Release|Any CPU
		{86D952EE-1D94-FED1-9105-EEAF96116783}.Release|Any CPU.Build.0 = Release|Any CPU
		{51301CAD-04B6-FD58-80B0-EC0B298DBF6D}.Debug|Any CPU.ActiveCfg = Debug|Any CPU
		{51301CAD-04B6-FD58-80B0-EC0B298DBF6D}.Debug|Any CPU.Build.0 = Debug|Any CPU
		{51301CAD-04B6-FD58-80B0-EC0B298DBF6D}.Release|Any CPU.ActiveCfg = Release|Any CPU
		{51301CAD-04B6-FD58-80B0-EC0B298DBF6D}.Release|Any CPU.Build.0 = Release|Any CPU
		{818CE67A-6D5F-67AC-D363-0E94F13955CC}.Debug|Any CPU.ActiveCfg = Debug|Any CPU
		{818CE67A-6D5F-67AC-D363-0E94F13955CC}.Debug|Any CPU.Build.0 = Debug|Any CPU
		{818CE67A-6D5F-67AC-D363-0E94F13955CC}.Release|Any CPU.ActiveCfg = Release|Any CPU
		{818CE67A-6D5F-67AC-D363-0E94F13955CC}.Release|Any CPU.Build.0 = Release|Any CPU
		{7CD8841E-642F-64A1-296C-E69714BA67A7}.Debug|Any CPU.ActiveCfg = Debug|Any CPU
		{7CD8841E-642F-64A1-296C-E69714BA67A7}.Debug|Any CPU.Build.0 = Debug|Any CPU
		{7CD8841E-642F-64A1-296C-E69714BA67A7}.Release|Any CPU.ActiveCfg = Release|Any CPU
		{7CD8841E-642F-64A1-296C-E69714BA67A7}.Release|Any CPU.Build.0 = Release|Any CPU
		{05C4CFB0-CD0F-E740-E4F6-B0EE3C0E4672}.Debug|Any CPU.ActiveCfg = Debug|Any CPU
		{05C4CFB0-CD0F-E740-E4F6-B0EE3C0E4672}.Debug|Any CPU.Build.0 = Debug|Any CPU
		{05C4CFB0-CD0F-E740-E4F6-B0EE3C0E4672}.Release|Any CPU.ActiveCfg = Release|Any CPU
		{05C4CFB0-CD0F-E740-E4F6-B0EE3C0E4672}.Release|Any CPU.Build.0 = Release|Any CPU
		{58747E0A-DEB4-3B86-E873-C0FCDC17E036}.Debug|Any CPU.ActiveCfg = Debug|Any CPU
		{58747E0A-DEB4-3B86-E873-C0FCDC17E036}.Debug|Any CPU.Build.0 = Debug|Any CPU
		{58747E0A-DEB4-3B86-E873-C0FCDC17E036}.Release|Any CPU.ActiveCfg = Release|Any CPU
		{58747E0A-DEB4-3B86-E873-C0FCDC17E036}.Release|Any CPU.Build.0 = Release|Any CPU
		{4F14D3C1-8797-D800-D579-632CE002C307}.Debug|Any CPU.ActiveCfg = Debug|Any CPU
		{4F14D3C1-8797-D800-D579-632CE002C307}.Debug|Any CPU.Build.0 = Debug|Any CPU
		{4F14D3C1-8797-D800-D579-632CE002C307}.Release|Any CPU.ActiveCfg = Release|Any CPU
		{4F14D3C1-8797-D800-D579-632CE002C307}.Release|Any CPU.Build.0 = Release|Any CPU
		{4D2C99F8-0158-515D-600F-466947DFC808}.Debug|Any CPU.ActiveCfg = Debug|Any CPU
		{4D2C99F8-0158-515D-600F-466947DFC808}.Debug|Any CPU.Build.0 = Debug|Any CPU
		{4D2C99F8-0158-515D-600F-466947DFC808}.Release|Any CPU.ActiveCfg = Release|Any CPU
		{4D2C99F8-0158-515D-600F-466947DFC808}.Release|Any CPU.Build.0 = Release|Any CPU
		{FC1975DB-CDFB-9998-27DA-B04DDC29CAC3}.Debug|Any CPU.ActiveCfg = Debug|Any CPU
		{FC1975DB-CDFB-9998-27DA-B04DDC29CAC3}.Debug|Any CPU.Build.0 = Debug|Any CPU
		{FC1975DB-CDFB-9998-27DA-B04DDC29CAC3}.Release|Any CPU.ActiveCfg = Release|Any CPU
		{FC1975DB-CDFB-9998-27DA-B04DDC29CAC3}.Release|Any CPU.Build.0 = Release|Any CPU
		{A76DCD6D-411F-EF02-AF4C-86512492AFD4}.Debug|Any CPU.ActiveCfg = Debug|Any CPU
		{A76DCD6D-411F-EF02-AF4C-86512492AFD4}.Debug|Any CPU.Build.0 = Debug|Any CPU
		{A76DCD6D-411F-EF02-AF4C-86512492AFD4}.Release|Any CPU.ActiveCfg = Release|Any CPU
		{A76DCD6D-411F-EF02-AF4C-86512492AFD4}.Release|Any CPU.Build.0 = Release|Any CPU
		{EF23A99B-3EDD-6902-A446-2FB8445A8E8E}.Debug|Any CPU.ActiveCfg = Debug|Any CPU
		{EF23A99B-3EDD-6902-A446-2FB8445A8E8E}.Debug|Any CPU.Build.0 = Debug|Any CPU
		{EF23A99B-3EDD-6902-A446-2FB8445A8E8E}.Release|Any CPU.ActiveCfg = Release|Any CPU
		{EF23A99B-3EDD-6902-A446-2FB8445A8E8E}.Release|Any CPU.Build.0 = Release|Any CPU
	EndGlobalSection
	GlobalSection(SolutionProperties) = preSolution
		HideSolutionNode = FALSE
	EndGlobalSection
EndGlobal
